
Microsoft Visual Studio Solution File, Format Version 12.00
# Visual Studio Version 17
VisualStudioVersion = 17.9.34622.214
MinimumVisualStudioVersion = 10.0.40219.1
Project("{FAE04EC0-301F-11D3-BF4B-00C04F79EFBC}") = "CMP1920M", "CMP1920M\CMP1920M.csproj", "{7499DEC9-0E13-484C-AB08-4F14EE5DD1E1}"
EndProject
Project("{2150E333-8FDC-42A3-9474-1A3956D46DE8}") = "Solution Items", "Solution Items", "{7C448E03-4EED-4604-B75C-DCC92930444D}"
EndProject
Global
	GlobalSection(SolutionConfigurationPlatforms) = preSolution
		Debug|Any CPU = Debug|Any CPU
		Release|Any CPU = Release|Any CPU
	EndGlobalSection
	GlobalSection(ProjectConfigurationPlatforms) = postSolution
		{7499DEC9-0E13-484C-AB08-4F14EE5DD1E1}.Debug|Any CPU.ActiveCfg = Debug|Any CPU
		{7499DEC9-0E13-484C-AB08-4F14EE5DD1E1}.Debug|Any CPU.Build.0 = Debug|Any CPU
		{7499DEC9-0E13-484C-AB08-4F14EE5DD1E1}.Release|Any CPU.ActiveCfg = Release|Any CPU
		{7499DEC9-0E13-484C-AB08-4F14EE5DD1E1}.Release|Any CPU.Build.0 = Release|Any CPU
	EndGlobalSection
	GlobalSection(SolutionProperties) = preSolution
		HideSolutionNode = FALSE
	EndGlobalSection
	GlobalSection(ExtensibilityGlobals) = postSolution
		SolutionGuid = {AFAD1DBA-60DA-40F0-8B23-A718F4D47E37}
	EndGlobalSection
EndGlobal
